// !$*UTF8*$!
{
	archiveVersion = 1;
	classes = {
	};
	objectVersion = 46;
	objects = {

/* Begin PBXBuildFile section */
		79120D4C1E1BF1E80054A54A /* LogoContentViewController.swift in Sources */ = {isa = PBXBuildFile; fileRef = 79120D4B1E1BF1E80054A54A /* LogoContentViewController.swift */; };
		79120D4E1E1BF4DB0054A54A /* LogoViewController.swift in Sources */ = {isa = PBXBuildFile; fileRef = 79120D4D1E1BF4DB0054A54A /* LogoViewController.swift */; };
		79120D501E1BF99A0054A54A /* TerminuseBaseWindowController.swift in Sources */ = {isa = PBXBuildFile; fileRef = 79120D4F1E1BF99A0054A54A /* TerminuseBaseWindowController.swift */; };
		794C31421E1BD2E8009096B0 /* AppDelegate.swift in Sources */ = {isa = PBXBuildFile; fileRef = 794C31411E1BD2E8009096B0 /* AppDelegate.swift */; };
		794C31441E1BD2E8009096B0 /* ViewController.swift in Sources */ = {isa = PBXBuildFile; fileRef = 794C31431E1BD2E8009096B0 /* ViewController.swift */; };
		794C31461E1BD2E8009096B0 /* Assets.xcassets in Resources */ = {isa = PBXBuildFile; fileRef = 794C31451E1BD2E8009096B0 /* Assets.xcassets */; };
		794C31491E1BD2E9009096B0 /* Main.storyboard in Resources */ = {isa = PBXBuildFile; fileRef = 794C31471E1BD2E9009096B0 /* Main.storyboard */; };
		79A473411E1D2A8F006D2659 /* NavViewController.swift in Sources */ = {isa = PBXBuildFile; fileRef = 79A473401E1D2A8F006D2659 /* NavViewController.swift */; };
		79A500FA1E1E81AD0007F6D7 /* IndexViewController.swift in Sources */ = {isa = PBXBuildFile; fileRef = 79A500F91E1E81AD0007F6D7 /* IndexViewController.swift */; };
		79A500FC1E1E820A0007F6D7 /* IssueViewController.swift in Sources */ = {isa = PBXBuildFile; fileRef = 79A500FB1E1E820A0007F6D7 /* IssueViewController.swift */; };
		79A500FE1E1E82C70007F6D7 /* ContentViewController.swift in Sources */ = {isa = PBXBuildFile; fileRef = 79A500FD1E1E82C70007F6D7 /* ContentViewController.swift */; };
/* End PBXBuildFile section */

/* Begin PBXFileReference section */
		79120D4B1E1BF1E80054A54A /* LogoContentViewController.swift */ = {isa = PBXFileReference; fileEncoding = 4; lastKnownFileType = sourcecode.swift; path = LogoContentViewController.swift; sourceTree = "<group>"; };
		79120D4D1E1BF4DB0054A54A /* LogoViewController.swift */ = {isa = PBXFileReference; fileEncoding = 4; lastKnownFileType = sourcecode.swift; path = LogoViewController.swift; sourceTree = "<group>"; };
		79120D4F1E1BF99A0054A54A /* TerminuseBaseWindowController.swift */ = {isa = PBXFileReference; fileEncoding = 4; lastKnownFileType = sourcecode.swift; path = TerminuseBaseWindowController.swift; sourceTree = "<group>"; };
		794C313E1E1BD2E8009096B0 /* TerminusBase.app */ = {isa = PBXFileReference; explicitFileType = wrapper.application; includeInIndex = 0; path = TerminusBase.app; sourceTree = BUILT_PRODUCTS_DIR; };
		794C31411E1BD2E8009096B0 /* AppDelegate.swift */ = {isa = PBXFileReference; lastKnownFileType = sourcecode.swift; path = AppDelegate.swift; sourceTree = "<group>"; };
		794C31431E1BD2E8009096B0 /* ViewController.swift */ = {isa = PBXFileReference; lastKnownFileType = sourcecode.swift; path = ViewController.swift; sourceTree = "<group>"; };
		794C31451E1BD2E8009096B0 /* Assets.xcassets */ = {isa = PBXFileReference; lastKnownFileType = folder.assetcatalog; path = Assets.xcassets; sourceTree = "<group>"; };
		794C31481E1BD2E9009096B0 /* Base */ = {isa = PBXFileReference; lastKnownFileType = file.storyboard; name = Base; path = Base.lproj/Main.storyboard; sourceTree = "<group>"; };
		794C314A1E1BD2E9009096B0 /* Info.plist */ = {isa = PBXFileReference; lastKnownFileType = text.plist.xml; path = Info.plist; sourceTree = "<group>"; };
		79A473401E1D2A8F006D2659 /* NavViewController.swift */ = {isa = PBXFileReference; fileEncoding = 4; lastKnownFileType = sourcecode.swift; path = NavViewController.swift; sourceTree = "<group>"; };
		79A500F91E1E81AD0007F6D7 /* IndexViewController.swift */ = {isa = PBXFileReference; fileEncoding = 4; lastKnownFileType = sourcecode.swift; path = IndexViewController.swift; sourceTree = "<group>"; };
		79A500FB1E1E820A0007F6D7 /* IssueViewController.swift */ = {isa = PBXFileReference; fileEncoding = 4; lastKnownFileType = sourcecode.swift; path = IssueViewController.swift; sourceTree = "<group>"; };
		79A500FD1E1E82C70007F6D7 /* ContentViewController.swift */ = {isa = PBXFileReference; fileEncoding = 4; lastKnownFileType = sourcecode.swift; path = ContentViewController.swift; sourceTree = "<group>"; };
/* End PBXFileReference section */

/* Begin PBXFrameworksBuildPhase section */
		794C313B1E1BD2E8009096B0 /* Frameworks */ = {
			isa = PBXFrameworksBuildPhase;
			buildActionMask = 2147483647;
			files = (
			);
			runOnlyForDeploymentPostprocessing = 0;
		};
/* End PBXFrameworksBuildPhase section */

/* Begin PBXGroup section */
		794C31351E1BD2E8009096B0 = {
			isa = PBXGroup;
			children = (
				794C31401E1BD2E8009096B0 /* TerminusBase */,
				794C313F1E1BD2E8009096B0 /* Products */,
			);
			sourceTree = "<group>";
		};
		794C313F1E1BD2E8009096B0 /* Products */ = {
			isa = PBXGroup;
			children = (
				794C313E1E1BD2E8009096B0 /* TerminusBase.app */,
			);
			name = Products;
			sourceTree = "<group>";
		};
		794C31401E1BD2E8009096B0 /* TerminusBase */ = {
			isa = PBXGroup;
			children = (
				794C31411E1BD2E8009096B0 /* AppDelegate.swift */,
				794C31431E1BD2E8009096B0 /* ViewController.swift */,
				794C31451E1BD2E8009096B0 /* Assets.xcassets */,
				794C31471E1BD2E9009096B0 /* Main.storyboard */,
				79A500FD1E1E82C70007F6D7 /* ContentViewController.swift */,
				79A500F91E1E81AD0007F6D7 /* IndexViewController.swift */,
				79A500FB1E1E820A0007F6D7 /* IssueViewController.swift */,
				79A473401E1D2A8F006D2659 /* NavViewController.swift */,
				79120D4F1E1BF99A0054A54A /* TerminuseBaseWindowController.swift */,
				79120D4D1E1BF4DB0054A54A /* LogoViewController.swift */,
				79120D4B1E1BF1E80054A54A /* LogoContentViewController.swift */,
				794C314A1E1BD2E9009096B0 /* Info.plist */,
			);
			path = TerminusBase;
			sourceTree = "<group>";
		};
/* End PBXGroup section */

/* Begin PBXNativeTarget section */
		794C313D1E1BD2E8009096B0 /* TerminusBase */ = {
			isa = PBXNativeTarget;
			buildConfigurationList = 794C314D1E1BD2E9009096B0 /* Build configuration list for PBXNativeTarget "TerminusBase" */;
			buildPhases = (
				794C313A1E1BD2E8009096B0 /* Sources */,
				794C313B1E1BD2E8009096B0 /* Frameworks */,
				794C313C1E1BD2E8009096B0 /* Resources */,
			);
			buildRules = (
			);
			dependencies = (
			);
			name = TerminusBase;
			productName = TerminusBase;
			productReference = 794C313E1E1BD2E8009096B0 /* TerminusBase.app */;
			productType = "com.apple.product-type.application";
		};
/* End PBXNativeTarget section */

/* Begin PBXProject section */
		794C31361E1BD2E8009096B0 /* Project object */ = {
			isa = PBXProject;
			attributes = {
				LastSwiftUpdateCheck = 0810;
				LastUpgradeCheck = 0810;
				ORGANIZATIONNAME = "段荣";
				TargetAttributes = {
					794C313D1E1BD2E8009096B0 = {
						CreatedOnToolsVersion = 8.1;
						ProvisioningStyle = Automatic;
					};
				};
			};
			buildConfigurationList = 794C31391E1BD2E8009096B0 /* Build configuration list for PBXProject "TerminusBase" */;
			compatibilityVersion = "Xcode 3.2";
			developmentRegion = English;
			hasScannedForEncodings = 0;
			knownRegions = (
				en,
				Base,
			);
			mainGroup = 794C31351E1BD2E8009096B0;
			productRefGroup = 794C313F1E1BD2E8009096B0 /* Products */;
			projectDirPath = "";
			projectRoot = "";
			targets = (
				794C313D1E1BD2E8009096B0 /* TerminusBase */,
			);
		};
/* End PBXProject section */

/* Begin PBXResourcesBuildPhase section */
		794C313C1E1BD2E8009096B0 /* Resources */ = {
			isa = PBXResourcesBuildPhase;
			buildActionMask = 2147483647;
			files = (
				794C31461E1BD2E8009096B0 /* Assets.xcassets in Resources */,
				794C31491E1BD2E9009096B0 /* Main.storyboard in Resources */,
			);
			runOnlyForDeploymentPostprocessing = 0;
		};
/* End PBXResourcesBuildPhase section */

/* Begin PBXSourcesBuildPhase section */
		794C313A1E1BD2E8009096B0 /* Sources */ = {
			isa = PBXSourcesBuildPhase;
			buildActionMask = 2147483647;
			files = (
				79120D501E1BF99A0054A54A /* TerminuseBaseWindowController.swift in Sources */,
				794C31441E1BD2E8009096B0 /* ViewController.swift in Sources */,
				794C31421E1BD2E8009096B0 /* AppDelegate.swift in Sources */,
				79120D4C1E1BF1E80054A54A /* LogoContentViewController.swift in Sources */,
				79A500FE1E1E82C70007F6D7 /* ContentViewController.swift in Sources */,
				79A500FC1E1E820A0007F6D7 /* IssueViewController.swift in Sources */,
				79A473411E1D2A8F006D2659 /* NavViewController.swift in Sources */,
				79A500FA1E1E81AD0007F6D7 /* IndexViewController.swift in Sources */,
				79120D4E1E1BF4DB0054A54A /* LogoViewController.swift in Sources */,
			);
			runOnlyForDeploymentPostprocessing = 0;
		};
/* End PBXSourcesBuildPhase section */

/* Begin PBXVariantGroup section */
		794C31471E1BD2E9009096B0 /* Main.storyboard */ = {
			isa = PBXVariantGroup;
			children = (
				794C31481E1BD2E9009096B0 /* Base */,
			);
			name = Main.storyboard;
			sourceTree = "<group>";
		};
/* End PBXVariantGroup section */

/* Begin XCBuildConfiguration section */
		794C314B1E1BD2E9009096B0 /* Debug */ = {
			isa = XCBuildConfiguration;
			buildSettings = {
				ALWAYS_SEARCH_USER_PATHS = NO;
				CLANG_ANALYZER_NONNULL = YES;
				CLANG_CXX_LANGUAGE_STANDARD = "gnu++0x";
				CLANG_CXX_LIBRARY = "libc++";
				CLANG_ENABLE_MODULES = YES;
				CLANG_ENABLE_OBJC_ARC = YES;
				CLANG_WARN_BOOL_CONVERSION = YES;
				CLANG_WARN_CONSTANT_CONVERSION = YES;
				CLANG_WARN_DIRECT_OBJC_ISA_USAGE = YES_ERROR;
				CLANG_WARN_DOCUMENTATION_COMMENTS = YES;
				CLANG_WARN_EMPTY_BODY = YES;
				CLANG_WARN_ENUM_CONVERSION = YES;
				CLANG_WARN_INFINITE_RECURSION = YES;
				CLANG_WARN_INT_CONVERSION = YES;
				CLANG_WARN_OBJC_ROOT_CLASS = YES_ERROR;
				CLANG_WARN_SUSPICIOUS_MOVES = YES;
				CLANG_WARN_UNREACHABLE_CODE = YES;
				CLANG_WARN__DUPLICATE_METHOD_MATCH = YES;
				CODE_SIGN_IDENTITY = "-";
				COPY_PHASE_STRIP = NO;
				DEBUG_INFORMATION_FORMAT = dwarf;
				ENABLE_STRICT_OBJC_MSGSEND = YES;
				ENABLE_TESTABILITY = YES;
				GCC_C_LANGUAGE_STANDARD = gnu99;
				GCC_DYNAMIC_NO_PIC = NO;
				GCC_NO_COMMON_BLOCKS = YES;
				GCC_OPTIMIZATION_LEVEL = 0;
				GCC_PREPROCESSOR_DEFINITIONS = (
					"DEBUG=1",
					"$(inherited)",
				);
				GCC_WARN_64_TO_32_BIT_CONVERSION = YES;
				GCC_WARN_ABOUT_RETURN_TYPE = YES_ERROR;
				GCC_WARN_UNDECLARED_SELECTOR = YES;
				GCC_WARN_UNINITIALIZED_AUTOS = YES_AGGRESSIVE;
				GCC_WARN_UNUSED_FUNCTION = YES;
				GCC_WARN_UNUSED_VARIABLE = YES;
				MACOSX_DEPLOYMENT_TARGET = 10.12;
				MTL_ENABLE_DEBUG_INFO = YES;
				ONLY_ACTIVE_ARCH = YES;
				SDKROOT = macosx;
				SWIFT_ACTIVE_COMPILATION_CONDITIONS = DEBUG;
				SWIFT_OPTIMIZATION_LEVEL = "-Onone";
			};
			name = Debug;
		};
		794C314C1E1BD2E9009096B0 /* Release */ = {
			isa = XCBuildConfiguration;
			buildSettings = {
				ALWAYS_SEARCH_USER_PATHS = NO;
				CLANG_ANALYZER_NONNULL = YES;
				CLANG_CXX_LANGUAGE_STANDARD = "gnu++0x";
				CLANG_CXX_LIBRARY = "libc++";
				CLANG_ENABLE_MODULES = YES;
				CLANG_ENABLE_OBJC_ARC = YES;
				CLANG_WARN_BOOL_CONVERSION = YES;
				CLANG_WARN_CONSTANT_CONVERSION = YES;
				CLANG_WARN_DIRECT_OBJC_ISA_USAGE = YES_ERROR;
				CLANG_WARN_DOCUMENTATION_COMMENTS = YES;
				CLANG_WARN_EMPTY_BODY = YES;
				CLANG_WARN_ENUM_CONVERSION = YES;
				CLANG_WARN_INFINITE_RECURSION = YES;
				CLANG_WARN_INT_CONVERSION = YES;
				CLANG_WARN_OBJC_ROOT_CLASS = YES_ERROR;
				CLANG_WARN_SUSPICIOUS_MOVES = YES;
				CLANG_WARN_UNREACHABLE_CODE = YES;
				CLANG_WARN__DUPLICATE_METHOD_MATCH = YES;
				CODE_SIGN_IDENTITY = "-";
				COPY_PHASE_STRIP = NO;
				DEBUG_INFORMATION_FORMAT = "dwarf-with-dsym";
				ENABLE_NS_ASSERTIONS = NO;
				ENABLE_STRICT_OBJC_MSGSEND = YES;
				GCC_C_LANGUAGE_STANDARD = gnu99;
				GCC_NO_COMMON_BLOCKS = YES;
				GCC_WARN_64_TO_32_BIT_CONVERSION = YES;
				GCC_WARN_ABOUT_RETURN_TYPE = YES_ERROR;
				GCC_WARN_UNDECLARED_SELECTOR = YES;
				GCC_WARN_UNINITIALIZED_AUTOS = YES_AGGRESSIVE;
				GCC_WARN_UNUSED_FUNCTION = YES;
				GCC_WARN_UNUSED_VARIABLE = YES;
				MACOSX_DEPLOYMENT_TARGET = 10.12;
				MTL_ENABLE_DEBUG_INFO = NO;
				SDKROOT = macosx;
				SWIFT_OPTIMIZATION_LEVEL = "-Owholemodule";
			};
			name = Release;
		};
		794C314E1E1BD2E9009096B0 /* Debug */ = {
			isa = XCBuildConfiguration;
			buildSettings = {
				ASSETCATALOG_COMPILER_APPICON_NAME = AppIcon;
				COMBINE_HIDPI_IMAGES = YES;
				INFOPLIST_FILE = TerminusBase/Info.plist;
				LD_RUNPATH_SEARCH_PATHS = "$(inherited) @executable_path/../Frameworks";
				PRODUCT_BUNDLE_IDENTIFIER = YOUMU.TerminusBase;
				PRODUCT_NAME = "$(TARGET_NAME)";
				SWIFT_VERSION = 3.0;
			};
			name = Debug;
		};
		794C314F1E1BD2E9009096B0 /* Release */ = {
			isa = XCBuildConfiguration;
			buildSettings = {
				ASSETCATALOG_COMPILER_APPICON_NAME = AppIcon;
				COMBINE_HIDPI_IMAGES = YES;
				INFOPLIST_FILE = TerminusBase/Info.plist;
				LD_RUNPATH_SEARCH_PATHS = "$(inherited) @executable_path/../Frameworks";
				PRODUCT_BUNDLE_IDENTIFIER = YOUMU.TerminusBase;
				PRODUCT_NAME = "$(TARGET_NAME)";
				SWIFT_VERSION = 3.0;
			};
			name = Release;
		};
/* End XCBuildConfiguration section */

/* Begin XCConfigurationList section */
		794C31391E1BD2E8009096B0 /* Build configuration list for PBXProject "TerminusBase" */ = {
			isa = XCConfigurationList;
			buildConfigurations = (
				794C314B1E1BD2E9009096B0 /* Debug */,
				794C314C1E1BD2E9009096B0 /* Release */,
			);
			defaultConfigurationIsVisible = 0;
			defaultConfigurationName = Release;
		};
		794C314D1E1BD2E9009096B0 /* Build configuration list for PBXNativeTarget "TerminusBase" */ = {
			isa = XCConfigurationList;
			buildConfigurations = (
				794C314E1E1BD2E9009096B0 /* Debug */,
				794C314F1E1BD2E9009096B0 /* Release */,
			);
			defaultConfigurationIsVisible = 0;
			defaultConfigurationName = Release;
		};
/* End XCConfigurationList section */
	};
	rootObject = 794C31361E1BD2E8009096B0 /* Project object */;
}
